PODS:
  - Pelican (2.0.0)
  - Pelican/Tests (2.0.0)

DEPENDENCIES:
  - Pelican (from `../..`)
  - Pelican/Tests (from `../..`)

EXTERNAL SOURCES:
  Pelican:
    :path: "../.."

SPEC CHECKSUMS:
  Pelican: 4dacd893a3024b0621a1788809c7e8d32d0c6cfc

PODFILE CHECKSUM: 7c2ad6c2e31c663758875732307fb1efe29a0a33

COCOAPODS: 1.10.1
